
Microsoft Visual Studio Solution File, Format Version 12.00
# Visual Studio Version 17
VisualStudioVersion = 17.0.31903.59
MinimumVisualStudioVersion = 10.0.40219.1
Project("{2150E333-8FDC-42A3-9474-1A3956D46DE8}") = "src", "src", "{FF22F389-EB44-4B2B-AB07-6518DA9C518D}"
EndProject
Project("{FAE04EC0-301F-11D3-BF4B-00C04F79EFBC}") = "FAT.Domain", "src\FAT.Domain\FAT.Domain.csproj", "{125FFAAF-0074-449A-BD1A-48A59FCF27C8}"
EndProject
Project("{FAE04EC0-301F-11D3-BF4B-00C04F79EFBC}") = "FAT.Data", "src\FAT.Data\FAT.Data.csproj", "{97FF3B64-2B68-4A99-8EA5-0519A6321D6A}"
EndProject
Project("{FAE04EC0-301F-11D3-BF4B-00C04F79EFBC}") = "FAT.Services", "src\FAT.Services\FAT.Services.csproj", "{43CBF929-7B3C-47EF-927F-97E975635868}"
EndProject
Project("{FAE04EC0-301F-11D3-BF4B-00C04F79EFBC}") = "FAT.App", "src\FAT.App\FAT.App.csproj", "{ADC2B4FE-FED8-440A-92A4-545C31D384E4}"
EndProject
Project("{FAE04EC0-301F-11D3-BF4B-00C04F79EFBC}") = "FAT.Tests", "src\FAT.Tests\FAT.Tests.csproj", "{41B5F8EB-21AD-48BC-91DC-D5411FF30441}"
EndProject
Global
	GlobalSection(SolutionConfigurationPlatforms) = preSolution
		Debug|Any CPU = Debug|Any CPU
		Release|Any CPU = Release|Any CPU
	EndGlobalSection
	GlobalSection(SolutionProperties) = preSolution
		HideSolutionNode = FALSE
	EndGlobalSection
	GlobalSection(ProjectConfigurationPlatforms) = postSolution
		{125FFAAF-0074-449A-BD1A-48A59FCF27C8}.Debug|Any CPU.ActiveCfg = Debug|Any CPU
		{125FFAAF-0074-449A-BD1A-48A59FCF27C8}.Debug|Any CPU.Build.0 = Debug|Any CPU
		{125FFAAF-0074-449A-BD1A-48A59FCF27C8}.Release|Any CPU.ActiveCfg = Release|Any CPU
		{125FFAAF-0074-449A-BD1A-48A59FCF27C8}.Release|Any CPU.Build.0 = Release|Any CPU
		{97FF3B64-2B68-4A99-8EA5-0519A6321D6A}.Debug|Any CPU.ActiveCfg = Debug|Any CPU
		{97FF3B64-2B68-4A99-8EA5-0519A6321D6A}.Debug|Any CPU.Build.0 = Debug|Any CPU
		{97FF3B64-2B68-4A99-8EA5-0519A6321D6A}.Release|Any CPU.ActiveCfg = Release|Any CPU
		{97FF3B64-2B68-4A99-8EA5-0519A6321D6A}.Release|Any CPU.Build.0 = Release|Any CPU
		{43CBF929-7B3C-47EF-927F-97E975635868}.Debug|Any CPU.ActiveCfg = Debug|Any CPU
		{43CBF929-7B3C-47EF-927F-97E975635868}.Debug|Any CPU.Build.0 = Debug|Any CPU
		{43CBF929-7B3C-47EF-927F-97E975635868}.Release|Any CPU.ActiveCfg = Release|Any CPU
		{43CBF929-7B3C-47EF-927F-97E975635868}.Release|Any CPU.Build.0 = Release|Any CPU
		{ADC2B4FE-FED8-440A-92A4-545C31D384E4}.Debug|Any CPU.ActiveCfg = Debug|Any CPU
		{ADC2B4FE-FED8-440A-92A4-545C31D384E4}.Debug|Any CPU.Build.0 = Debug|Any CPU
		{ADC2B4FE-FED8-440A-92A4-545C31D384E4}.Release|Any CPU.ActiveCfg = Release|Any CPU
		{ADC2B4FE-FED8-440A-92A4-545C31D384E4}.Release|Any CPU.Build.0 = Release|Any CPU
		{41B5F8EB-21AD-48BC-91DC-D5411FF30441}.Debug|Any CPU.ActiveCfg = Debug|Any CPU
		{41B5F8EB-21AD-48BC-91DC-D5411FF30441}.Debug|Any CPU.Build.0 = Debug|Any CPU
		{41B5F8EB-21AD-48BC-91DC-D5411FF30441}.Release|Any CPU.ActiveCfg = Release|Any CPU
		{41B5F8EB-21AD-48BC-91DC-D5411FF30441}.Release|Any CPU.Build.0 = Release|Any CPU
	EndGlobalSection
	GlobalSection(NestedProjects) = preSolution
		{125FFAAF-0074-449A-BD1A-48A59FCF27C8} = {FF22F389-EB44-4B2B-AB07-6518DA9C518D}
		{97FF3B64-2B68-4A99-8EA5-0519A6321D6A} = {FF22F389-EB44-4B2B-AB07-6518DA9C518D}
		{43CBF929-7B3C-47EF-927F-97E975635868} = {FF22F389-EB44-4B2B-AB07-6518DA9C518D}
		{ADC2B4FE-FED8-440A-92A4-545C31D384E4} = {FF22F389-EB44-4B2B-AB07-6518DA9C518D}
		{41B5F8EB-21AD-48BC-91DC-D5411FF30441} = {FF22F389-EB44-4B2B-AB07-6518DA9C518D}
	EndGlobalSection
EndGlobal
