
Microsoft Visual Studio Solution File, Format Version 12.00
# Visual Studio Version 17
VisualStudioVersion = 17.0.31903.59
MinimumVisualStudioVersion = 10.0.40219.1
Project("{2150E333-8FDC-42A3-9474-1A3956D46DE8}") = "src", "src", "{827E0CD3-B72D-47B6-A68D-7590B98EB39B}"
EndProject
Project("{FAE04EC0-301F-11D3-BF4B-00C04F79EFBC}") = "SAT.Domain", "src\SAT.Domain\SAT.Domain.csproj", "{A5C900AD-91A6-4CCB-8D67-37B0E393DB16}"
EndProject
Project("{FAE04EC0-301F-11D3-BF4B-00C04F79EFBC}") = "SAT.Data", "src\SAT.Data\SAT.Data.csproj", "{2EBE87AB-AE1C-45B4-90B2-FF4F31EB69F4}"
EndProject
Project("{FAE04EC0-301F-11D3-BF4B-00C04F79EFBC}") = "SAT.Services", "src\SAT.Services\SAT.Services.csproj", "{49D80EE7-9B5C-417F-BDDF-7A540CF43DDA}"
EndProject
Project("{FAE04EC0-301F-11D3-BF4B-00C04F79EFBC}") = "SAT.App", "src\SAT.App\SAT.App.csproj", "{A591F0F2-0EDE-4806-A8D7-A5CEC42A3D62}"
EndProject
Project("{FAE04EC0-301F-11D3-BF4B-00C04F79EFBC}") = "SAT.Tests", "src\SAT.Tests\SAT.Tests.csproj", "{21FEEEF2-E982-42A0-B689-D67875262294}"
EndProject
Global
	GlobalSection(SolutionConfigurationPlatforms) = preSolution
		Debug|Any CPU = Debug|Any CPU
		Debug|x64 = Debug|x64
		Debug|x86 = Debug|x86
		Release|Any CPU = Release|Any CPU
		Release|x64 = Release|x64
		Release|x86 = Release|x86
	EndGlobalSection
	GlobalSection(ProjectConfigurationPlatforms) = postSolution
		{A5C900AD-91A6-4CCB-8D67-37B0E393DB16}.Debug|Any CPU.ActiveCfg = Debug|Any CPU
		{A5C900AD-91A6-4CCB-8D67-37B0E393DB16}.Debug|Any CPU.Build.0 = Debug|Any CPU
		{A5C900AD-91A6-4CCB-8D67-37B0E393DB16}.Debug|x64.ActiveCfg = Debug|Any CPU
		{A5C900AD-91A6-4CCB-8D67-37B0E393DB16}.Debug|x64.Build.0 = Debug|Any CPU
		{A5C900AD-91A6-4CCB-8D67-37B0E393DB16}.Debug|x86.ActiveCfg = Debug|Any CPU
		{A5C900AD-91A6-4CCB-8D67-37B0E393DB16}.Debug|x86.Build.0 = Debug|Any CPU
		{A5C900AD-91A6-4CCB-8D67-37B0E393DB16}.Release|Any CPU.ActiveCfg = Release|Any CPU
		{A5C900AD-91A6-4CCB-8D67-37B0E393DB16}.Release|Any CPU.Build.0 = Release|Any CPU
		{A5C900AD-91A6-4CCB-8D67-37B0E393DB16}.Release|x64.ActiveCfg = Release|Any CPU
		{A5C900AD-91A6-4CCB-8D67-37B0E393DB16}.Release|x64.Build.0 = Release|Any CPU
		{A5C900AD-91A6-4CCB-8D67-37B0E393DB16}.Release|x86.ActiveCfg = Release|Any CPU
		{A5C900AD-91A6-4CCB-8D67-37B0E393DB16}.Release|x86.Build.0 = Release|Any CPU
		{2EBE87AB-AE1C-45B4-90B2-FF4F31EB69F4}.Debug|Any CPU.ActiveCfg = Debug|Any CPU
		{2EBE87AB-AE1C-45B4-90B2-FF4F31EB69F4}.Debug|Any CPU.Build.0 = Debug|Any CPU
		{2EBE87AB-AE1C-45B4-90B2-FF4F31EB69F4}.Debug|x64.ActiveCfg = Debug|Any CPU
		{2EBE87AB-AE1C-45B4-90B2-FF4F31EB69F4}.Debug|x64.Build.0 = Debug|Any CPU
		{2EBE87AB-AE1C-45B4-90B2-FF4F31EB69F4}.Debug|x86.ActiveCfg = Debug|Any CPU
		{2EBE87AB-AE1C-45B4-90B2-FF4F31EB69F4}.Debug|x86.Build.0 = Debug|Any CPU
		{2EBE87AB-AE1C-45B4-90B2-FF4F31EB69F4}.Release|Any CPU.ActiveCfg = Release|Any CPU
		{2EBE87AB-AE1C-45B4-90B2-FF4F31EB69F4}.Release|Any CPU.Build.0 = Release|Any CPU
		{2EBE87AB-AE1C-45B4-90B2-FF4F31EB69F4}.Release|x64.ActiveCfg = Release|Any CPU
		{2EBE87AB-AE1C-45B4-90B2-FF4F31EB69F4}.Release|x64.Build.0 = Release|Any CPU
		{2EBE87AB-AE1C-45B4-90B2-FF4F31EB69F4}.Release|x86.ActiveCfg = Release|Any CPU
		{2EBE87AB-AE1C-45B4-90B2-FF4F31EB69F4}.Release|x86.Build.0 = Release|Any CPU
		{49D80EE7-9B5C-417F-BDDF-7A540CF43DDA}.Debug|Any CPU.ActiveCfg = Debug|Any CPU
		{49D80EE7-9B5C-417F-BDDF-7A540CF43DDA}.Debug|Any CPU.Build.0 = Debug|Any CPU
		{49D80EE7-9B5C-417F-BDDF-7A540CF43DDA}.Debug|x64.ActiveCfg = Debug|Any CPU
		{49D80EE7-9B5C-417F-BDDF-7A540CF43DDA}.Debug|x64.Build.0 = Debug|Any CPU
		{49D80EE7-9B5C-417F-BDDF-7A540CF43DDA}.Debug|x86.ActiveCfg = Debug|Any CPU
		{49D80EE7-9B5C-417F-BDDF-7A540CF43DDA}.Debug|x86.Build.0 = Debug|Any CPU
		{49D80EE7-9B5C-417F-BDDF-7A540CF43DDA}.Release|Any CPU.ActiveCfg = Release|Any CPU
		{49D80EE7-9B5C-417F-BDDF-7A540CF43DDA}.Release|Any CPU.Build.0 = Release|Any CPU
		{49D80EE7-9B5C-417F-BDDF-7A540CF43DDA}.Release|x64.ActiveCfg = Release|Any CPU
		{49D80EE7-9B5C-417F-BDDF-7A540CF43DDA}.Release|x64.Build.0 = Release|Any CPU
		{49D80EE7-9B5C-417F-BDDF-7A540CF43DDA}.Release|x86.ActiveCfg = Release|Any CPU
		{49D80EE7-9B5C-417F-BDDF-7A540CF43DDA}.Release|x86.Build.0 = Release|Any CPU
		{A591F0F2-0EDE-4806-A8D7-A5CEC42A3D62}.Debug|Any CPU.ActiveCfg = Debug|Any CPU
		{A591F0F2-0EDE-4806-A8D7-A5CEC42A3D62}.Debug|Any CPU.Build.0 = Debug|Any CPU
		{A591F0F2-0EDE-4806-A8D7-A5CEC42A3D62}.Debug|x64.ActiveCfg = Debug|Any CPU
		{A591F0F2-0EDE-4806-A8D7-A5CEC42A3D62}.Debug|x64.Build.0 = Debug|Any CPU
		{A591F0F2-0EDE-4806-A8D7-A5CEC42A3D62}.Debug|x86.ActiveCfg = Debug|Any CPU
		{A591F0F2-0EDE-4806-A8D7-A5CEC42A3D62}.Debug|x86.Build.0 = Debug|Any CPU
		{A591F0F2-0EDE-4806-A8D7-A5CEC42A3D62}.Release|Any CPU.ActiveCfg = Release|Any CPU
		{A591F0F2-0EDE-4806-A8D7-A5CEC42A3D62}.Release|Any CPU.Build.0 = Release|Any CPU
		{A591F0F2-0EDE-4806-A8D7-A5CEC42A3D62}.Release|x64.ActiveCfg = Release|Any CPU
		{A591F0F2-0EDE-4806-A8D7-A5CEC42A3D62}.Release|x64.Build.0 = Release|Any CPU
		{A591F0F2-0EDE-4806-A8D7-A5CEC42A3D62}.Release|x86.ActiveCfg = Release|Any CPU
		{A591F0F2-0EDE-4806-A8D7-A5CEC42A3D62}.Release|x86.Build.0 = Release|Any CPU
		{21FEEEF2-E982-42A0-B689-D67875262294}.Debug|Any CPU.ActiveCfg = Debug|Any CPU
		{21FEEEF2-E982-42A0-B689-D67875262294}.Debug|Any CPU.Build.0 = Debug|Any CPU
		{21FEEEF2-E982-42A0-B689-D67875262294}.Debug|x64.ActiveCfg = Debug|Any CPU
		{21FEEEF2-E982-42A0-B689-D67875262294}.Debug|x64.Build.0 = Debug|Any CPU
		{21FEEEF2-E982-42A0-B689-D67875262294}.Debug|x86.ActiveCfg = Debug|Any CPU
		{21FEEEF2-E982-42A0-B689-D67875262294}.Debug|x86.Build.0 = Debug|Any CPU
		{21FEEEF2-E982-42A0-B689-D67875262294}.Release|Any CPU.ActiveCfg = Release|Any CPU
		{21FEEEF2-E982-42A0-B689-D67875262294}.Release|Any CPU.Build.0 = Release|Any CPU
		{21FEEEF2-E982-42A0-B689-D67875262294}.Release|x64.ActiveCfg = Release|Any CPU
		{21FEEEF2-E982-42A0-B689-D67875262294}.Release|x64.Build.0 = Release|Any CPU
		{21FEEEF2-E982-42A0-B689-D67875262294}.Release|x86.ActiveCfg = Release|Any CPU
		{21FEEEF2-E982-42A0-B689-D67875262294}.Release|x86.Build.0 = Release|Any CPU
	EndGlobalSection
	GlobalSection(SolutionProperties) = preSolution
		HideSolutionNode = FALSE
	EndGlobalSection
	GlobalSection(NestedProjects) = preSolution
		{A5C900AD-91A6-4CCB-8D67-37B0E393DB16} = {827E0CD3-B72D-47B6-A68D-7590B98EB39B}
		{2EBE87AB-AE1C-45B4-90B2-FF4F31EB69F4} = {827E0CD3-B72D-47B6-A68D-7590B98EB39B}
		{49D80EE7-9B5C-417F-BDDF-7A540CF43DDA} = {827E0CD3-B72D-47B6-A68D-7590B98EB39B}
		{A591F0F2-0EDE-4806-A8D7-A5CEC42A3D62} = {827E0CD3-B72D-47B6-A68D-7590B98EB39B}
		{21FEEEF2-E982-42A0-B689-D67875262294} = {827E0CD3-B72D-47B6-A68D-7590B98EB39B}
	EndGlobalSection
EndGlobal
